
Microsoft Visual Studio Solution File, Format Version 12.00
# Visual Studio Version 16
VisualStudioVersion = 16.0.29519.87
MinimumVisualStudioVersion = 10.0.40219.1
Project("{FAE04EC0-301F-11D3-BF4B-00C04F79EFBC}") = "CollegeApp", "CollegeApp.csproj", "{0650F8B7-1018-4A6B-B7FF-7C8CF7B035E4}"
EndProject
Global
	GlobalSection(SolutionConfigurationPlatforms) = preSolution
		Debug|Any CPU = Debug|Any CPU
		Release|Any CPU = Release|Any CPU
	EndGlobalSection
	GlobalSection(ProjectConfigurationPlatforms) = postSolution
		{0650F8B7-1018-4A6B-B7FF-7C8CF7B035E4}.Debug|Any CPU.ActiveCfg = Debug|Any CPU
		{0650F8B7-1018-4A6B-B7FF-7C8CF7B035E4}.Debug|Any CPU.Build.0 = Debug|Any CPU
		{0650F8B7-1018-4A6B-B7FF-7C8CF7B035E4}.Release|Any CPU.ActiveCfg = Release|Any CPU
		{0650F8B7-1018-4A6B-B7FF-7C8CF7B035E4}.Release|Any CPU.Build.0 = Release|Any CPU
	EndGlobalSection
	GlobalSection(SolutionProperties) = preSolution
		HideSolutionNode = FALSE
	EndGlobalSection
	GlobalSection(ExtensibilityGlobals) = postSolution
		SolutionGuid = {159427F4-FD53-46B6-9218-E6B37A51DD65}
	EndGlobalSection
EndGlobal
